{
  "name": "alphazero5d",
  "lockfileVersion": 3,
  "requires": true,
  "packages": {
    "": {
      "dependencies": {
        "5d-chess-js": "^1.2.1"
      }
    },
    "node_modules/5d-chess-js": {
      "version": "1.2.1",
      "resolved": "https://registry.npmjs.org/5d-chess-js/-/5d-chess-js-1.2.1.tgz",
      "integrity": "sha512-lmS8rS2sWvmjeRrBu27Csr4Qjjg+VZXjogDiAAlsD+5zQ99HaLUsOeoEj3vdGXrCwCjVZ+fkKQShOcCIUoL94A==",
      "dependencies": {
        "blueimp-md5": "^2.18.0",
        "module-alias": "^2.2.2",
        "present": "^1.0.0"
      }
    },
    "node_modules/blueimp-md5": {
      "version": "2.19.0",
      "resolved": "https://registry.npmjs.org/blueimp-md5/-/blueimp-md5-2.19.0.tgz",
      "integrity": "sha512-DRQrD6gJyy8FbiE4s+bDoXS9hiW3Vbx5uCdwvcCf3zLHL+Iv7LtGHLpr+GZV8rHG8tK766FGYBwRbu8pELTt+w=="
    },
    "node_modules/module-alias": {
      "version": "2.2.3",
      "resolved": "https://registry.npmjs.org/module-alias/-/module-alias-2.2.3.tgz",
      "integrity": "sha512-23g5BFj4zdQL/b6tor7Ji+QY4pEfNH784BMslY9Qb0UnJWRAt+lQGLYmRaM0KDBwIG23ffEBELhZDP2rhi9f/Q=="
    },
    "node_modules/present": {
      "version": "1.0.0",
      "resolved": "https://registry.npmjs.org/present/-/present-1.0.0.tgz",
      "integrity": "sha512-Wx1aWTxGwXkqKNr/JxdP91qC0Gs+ZqmMgAFRkYjcGAsONZNbVdwDPqacSq3H7pp/GO1N7cCK97QzR7F152eFXQ=="
    }
  }
}
